# This file is automatically @generated by Cargo.
# It is not intended for manual editing.
version = 3

[[package]]
name = "gorf-kiselyov"
version = "0.1.0"
dependencies = [
 "lambda_calculus",
]

[[package]]
name = "lambda_calculus"
version = "3.3.0"
source = "registry+https://github.com/rust-lang/crates.io-index"
checksum = "cdb765723771cec9c0a23c462b89a65ad9ce0f475c88c71cf5fe2373d6092e96"
